
Microsoft Visual Studio Solution File, Format Version 12.00
# Visual Studio Version 17
VisualStudioVersion = 17.10.35027.167
MinimumVisualStudioVersion = 10.0.40219.1
Project("{FAE04EC0-301F-11D3-BF4B-00C04F79EFBC}") = "linq", "linq\linq.csproj", "{E072294A-22F0-45E3-8E2B-A4AF016CE058}"
EndProject
Global
	GlobalSection(SolutionConfigurationPlatforms) = preSolution
		Debug|Any CPU = Debug|Any CPU
		Release|Any CPU = Release|Any CPU
	EndGlobalSection
	GlobalSection(ProjectConfigurationPlatforms) = postSolution
		{E072294A-22F0-45E3-8E2B-A4AF016CE058}.Debug|Any CPU.ActiveCfg = Debug|Any CPU
		{E072294A-22F0-45E3-8E2B-A4AF016CE058}.Debug|Any CPU.Build.0 = Debug|Any CPU
		{E072294A-22F0-45E3-8E2B-A4AF016CE058}.Release|Any CPU.ActiveCfg = Release|Any CPU
		{E072294A-22F0-45E3-8E2B-A4AF016CE058}.Release|Any CPU.Build.0 = Release|Any CPU
	EndGlobalSection
	GlobalSection(SolutionProperties) = preSolution
		HideSolutionNode = FALSE
	EndGlobalSection
	GlobalSection(ExtensibilityGlobals) = postSolution
		SolutionGuid = {0E9895F8-3E16-404F-8D09-08FA003003F3}
	EndGlobalSection
EndGlobal
